
Microsoft Visual Studio Solution File, Format Version 12.00
# Visual Studio 15
VisualStudioVersion = 15.0.28307.489
MinimumVisualStudioVersion = 10.0.40219.1
Project("{FAE04EC0-301F-11D3-BF4B-00C04F79EFBC}") = "MVCFizzBuzz", "MVCFizzBuzz\MVCFizzBuzz.csproj", "{9A45D3F3-71E9-48DF-AC32-0E0B6F156AD0}"
EndProject
Project("{FAE04EC0-301F-11D3-BF4B-00C04F79EFBC}") = "MVCFizzBuzz.Tests", "MVCFizzBuzz.Tests\MVCFizzBuzz.Tests.csproj", "{7E33957D-18E2-4267-BEDC-8C0CF812D052}"
EndProject
Global
	GlobalSection(SolutionConfigurationPlatforms) = preSolution
		Debug|Any CPU = Debug|Any CPU
		Release|Any CPU = Release|Any CPU
	EndGlobalSection
	GlobalSection(ProjectConfigurationPlatforms) = postSolution
		{9A45D3F3-71E9-48DF-AC32-0E0B6F156AD0}.Debug|Any CPU.ActiveCfg = Debug|Any CPU
		{9A45D3F3-71E9-48DF-AC32-0E0B6F156AD0}.Debug|Any CPU.Build.0 = Debug|Any CPU
		{9A45D3F3-71E9-48DF-AC32-0E0B6F156AD0}.Release|Any CPU.ActiveCfg = Release|Any CPU
		{9A45D3F3-71E9-48DF-AC32-0E0B6F156AD0}.Release|Any CPU.Build.0 = Release|Any CPU
		{7E33957D-18E2-4267-BEDC-8C0CF812D052}.Debug|Any CPU.ActiveCfg = Debug|Any CPU
		{7E33957D-18E2-4267-BEDC-8C0CF812D052}.Debug|Any CPU.Build.0 = Debug|Any CPU
		{7E33957D-18E2-4267-BEDC-8C0CF812D052}.Release|Any CPU.ActiveCfg = Release|Any CPU
		{7E33957D-18E2-4267-BEDC-8C0CF812D052}.Release|Any CPU.Build.0 = Release|Any CPU
	EndGlobalSection
	GlobalSection(SolutionProperties) = preSolution
		HideSolutionNode = FALSE
	EndGlobalSection
	GlobalSection(ExtensibilityGlobals) = postSolution
		SolutionGuid = {CAD5D86C-4EB9-41DE-BCF7-A367409AD423}
	EndGlobalSection
EndGlobal
